{
    "_meta": {
        "hash": {
            "sha256": "5e33492335b0d5bb72fd7e6a82d8109762946504a71aae225e43d370a135f179"
        },
        "pipfile-spec": 6,
        "requires": {
            "python_version": "3.6"
        },
        "sources": [
            {
                "name": "pypi",
                "url": "https://pypi.org/simple",
                "verify_ssl": true
            }
        ]
    },
    "default": {
        "tornado": {
            "hashes": [
                "sha256:4a5f0b1b381d80ec320c7c8f3265e6008afc527cc35b6c36d03acf18c21fcac6"
            ],
            "index": "pypi",
            "version": "==3.2.1"
        }
    },
    "develop": {}
}
